
Microsoft Visual Studio Solution File, Format Version 12.00
# Visual Studio Version 17
VisualStudioVersion = 17.13.35828.75 d17.13
MinimumVisualStudioVersion = 10.0.40219.1
Project("{FAE04EC0-301F-11D3-BF4B-00C04F79EFBC}") = "IT488_DeskHeroIT", "IT488_DeskHeroIT.csproj", "{FCD71015-574C-4966-AAD4-41578A5F1577}"
EndProject
Global
	GlobalSection(SolutionConfigurationPlatforms) = preSolution
		Debug|Any CPU = Debug|Any CPU
		Release|Any CPU = Release|Any CPU
	EndGlobalSection
	GlobalSection(ProjectConfigurationPlatforms) = postSolution
		{FCD71015-574C-4966-AAD4-41578A5F1577}.Debug|Any CPU.ActiveCfg = Debug|Any CPU
		{FCD71015-574C-4966-AAD4-41578A5F1577}.Debug|Any CPU.Build.0 = Debug|Any CPU
		{FCD71015-574C-4966-AAD4-41578A5F1577}.Release|Any CPU.ActiveCfg = Release|Any CPU
		{FCD71015-574C-4966-AAD4-41578A5F1577}.Release|Any CPU.Build.0 = Release|Any CPU
	EndGlobalSection
	GlobalSection(SolutionProperties) = preSolution
		HideSolutionNode = FALSE
	EndGlobalSection
	GlobalSection(ExtensibilityGlobals) = postSolution
		SolutionGuid = {B7A15377-4F50-40E6-8A07-76FB5C1433C7}
	EndGlobalSection
EndGlobal
